
Microsoft Visual Studio Solution File, Format Version 12.00
# Visual Studio 15
VisualStudioVersion = 15.0.27130.2026
MinimumVisualStudioVersion = 15.0.26124.0
Project("{9A19103F-16F7-4668-BE54-9A1E7A4F7556}") = "01-CreateXmlDocument", "01-CreateXmlDocument\01-CreateXmlDocument.csproj", "{32CC5FFC-97EE-497E-A0EA-AA1B9A663E91}"
EndProject
Project("{9A19103F-16F7-4668-BE54-9A1E7A4F7556}") = "02-CreateXmlDocument", "02-CreateXmlDocument\02-CreateXmlDocument.csproj", "{979FE145-E516-4377-80AA-4AD6FFE78B0A}"
EndProject
Project("{9A19103F-16F7-4668-BE54-9A1E7A4F7556}") = "03-QueryXmlDocument", "03-QueryXmlDocument\03-QueryXmlDocument.csproj", "{F7D6ED00-84BF-46A5-AFBD-9517E0BDF4DB}"
EndProject
Global
	GlobalSection(SolutionConfigurationPlatforms) = preSolution
		Debug|Any CPU = Debug|Any CPU
		Debug|x64 = Debug|x64
		Debug|x86 = Debug|x86
		Release|Any CPU = Release|Any CPU
		Release|x64 = Release|x64
		Release|x86 = Release|x86
	EndGlobalSection
	GlobalSection(ProjectConfigurationPlatforms) = postSolution
		{32CC5FFC-97EE-497E-A0EA-AA1B9A663E91}.Debug|Any CPU.ActiveCfg = Debug|Any CPU
		{32CC5FFC-97EE-497E-A0EA-AA1B9A663E91}.Debug|Any CPU.Build.0 = Debug|Any CPU
		{32CC5FFC-97EE-497E-A0EA-AA1B9A663E91}.Debug|x64.ActiveCfg = Debug|Any CPU
		{32CC5FFC-97EE-497E-A0EA-AA1B9A663E91}.Debug|x64.Build.0 = Debug|Any CPU
		{32CC5FFC-97EE-497E-A0EA-AA1B9A663E91}.Debug|x86.ActiveCfg = Debug|Any CPU
		{32CC5FFC-97EE-497E-A0EA-AA1B9A663E91}.Debug|x86.Build.0 = Debug|Any CPU
		{32CC5FFC-97EE-497E-A0EA-AA1B9A663E91}.Release|Any CPU.ActiveCfg = Release|Any CPU
		{32CC5FFC-97EE-497E-A0EA-AA1B9A663E91}.Release|Any CPU.Build.0 = Release|Any CPU
		{32CC5FFC-97EE-497E-A0EA-AA1B9A663E91}.Release|x64.ActiveCfg = Release|Any CPU
		{32CC5FFC-97EE-497E-A0EA-AA1B9A663E91}.Release|x64.Build.0 = Release|Any CPU
		{32CC5FFC-97EE-497E-A0EA-AA1B9A663E91}.Release|x86.ActiveCfg = Release|Any CPU
		{32CC5FFC-97EE-497E-A0EA-AA1B9A663E91}.Release|x86.Build.0 = Release|Any CPU
		{979FE145-E516-4377-80AA-4AD6FFE78B0A}.Debug|Any CPU.ActiveCfg = Debug|Any CPU
		{979FE145-E516-4377-80AA-4AD6FFE78B0A}.Debug|Any CPU.Build.0 = Debug|Any CPU
		{979FE145-E516-4377-80AA-4AD6FFE78B0A}.Debug|x64.ActiveCfg = Debug|Any CPU
		{979FE145-E516-4377-80AA-4AD6FFE78B0A}.Debug|x64.Build.0 = Debug|Any CPU
		{979FE145-E516-4377-80AA-4AD6FFE78B0A}.Debug|x86.ActiveCfg = Debug|Any CPU
		{979FE145-E516-4377-80AA-4AD6FFE78B0A}.Debug|x86.Build.0 = Debug|Any CPU
		{979FE145-E516-4377-80AA-4AD6FFE78B0A}.Release|Any CPU.ActiveCfg = Release|Any CPU
		{979FE145-E516-4377-80AA-4AD6FFE78B0A}.Release|Any CPU.Build.0 = Release|Any CPU
		{979FE145-E516-4377-80AA-4AD6FFE78B0A}.Release|x64.ActiveCfg = Release|Any CPU
		{979FE145-E516-4377-80AA-4AD6FFE78B0A}.Release|x64.Build.0 = Release|Any CPU
		{979FE145-E516-4377-80AA-4AD6FFE78B0A}.Release|x86.ActiveCfg = Release|Any CPU
		{979FE145-E516-4377-80AA-4AD6FFE78B0A}.Release|x86.Build.0 = Release|Any CPU
		{F7D6ED00-84BF-46A5-AFBD-9517E0BDF4DB}.Debug|Any CPU.ActiveCfg = Debug|Any CPU
		{F7D6ED00-84BF-46A5-AFBD-9517E0BDF4DB}.Debug|Any CPU.Build.0 = Debug|Any CPU
		{F7D6ED00-84BF-46A5-AFBD-9517E0BDF4DB}.Debug|x64.ActiveCfg = Debug|Any CPU
		{F7D6ED00-84BF-46A5-AFBD-9517E0BDF4DB}.Debug|x64.Build.0 = Debug|Any CPU
		{F7D6ED00-84BF-46A5-AFBD-9517E0BDF4DB}.Debug|x86.ActiveCfg = Debug|Any CPU
		{F7D6ED00-84BF-46A5-AFBD-9517E0BDF4DB}.Debug|x86.Build.0 = Debug|Any CPU
		{F7D6ED00-84BF-46A5-AFBD-9517E0BDF4DB}.Release|Any CPU.ActiveCfg = Release|Any CPU
		{F7D6ED00-84BF-46A5-AFBD-9517E0BDF4DB}.Release|Any CPU.Build.0 = Release|Any CPU
		{F7D6ED00-84BF-46A5-AFBD-9517E0BDF4DB}.Release|x64.ActiveCfg = Release|Any CPU
		{F7D6ED00-84BF-46A5-AFBD-9517E0BDF4DB}.Release|x64.Build.0 = Release|Any CPU
		{F7D6ED00-84BF-46A5-AFBD-9517E0BDF4DB}.Release|x86.ActiveCfg = Release|Any CPU
		{F7D6ED00-84BF-46A5-AFBD-9517E0BDF4DB}.Release|x86.Build.0 = Release|Any CPU
	EndGlobalSection
	GlobalSection(SolutionProperties) = preSolution
		HideSolutionNode = FALSE
	EndGlobalSection
	GlobalSection(ExtensibilityGlobals) = postSolution
		SolutionGuid = {3B3E32E1-90C4-43FA-8A5F-BF31426BE00D}
	EndGlobalSection
EndGlobal
